
Microsoft Visual Studio Solution File, Format Version 12.00
# Visual Studio Version 17
VisualStudioVersion = 17.13.35825.156 d17.13
MinimumVisualStudioVersion = 10.0.40219.1
Project("{FAE04EC0-301F-11D3-BF4B-00C04F79EFBC}") = "WpAppTcc", "WpAppTcc.csproj", "{569297FD-339C-47CD-936E-E490D9E9615C}"
EndProject
Global
	GlobalSection(SolutionConfigurationPlatforms) = preSolution
		Debug|Any CPU = Debug|Any CPU
		Release|Any CPU = Release|Any CPU
	EndGlobalSection
	GlobalSection(ProjectConfigurationPlatforms) = postSolution
		{569297FD-339C-47CD-936E-E490D9E9615C}.Debug|Any CPU.ActiveCfg = Debug|Any CPU
		{569297FD-339C-47CD-936E-E490D9E9615C}.Debug|Any CPU.Build.0 = Debug|Any CPU
		{569297FD-339C-47CD-936E-E490D9E9615C}.Release|Any CPU.ActiveCfg = Release|Any CPU
		{569297FD-339C-47CD-936E-E490D9E9615C}.Release|Any CPU.Build.0 = Release|Any CPU
	EndGlobalSection
	GlobalSection(SolutionProperties) = preSolution
		HideSolutionNode = FALSE
	EndGlobalSection
	GlobalSection(ExtensibilityGlobals) = postSolution
		SolutionGuid = {A942DC18-A3B5-48C5-BF92-7D85B5C13088}
	EndGlobalSection
EndGlobal
